github.com/andrew-d/go-termutil v0.0.0-20150726205930-009166a695a2 h1:axBiC50cNZOs7ygH5BgQp4N+aYrZ2DNpWZ1KG3VOSOM=
github.com/andrew-d/go-termutil v0.0.0-20150726205930-009166a695a2/go.mod h1:jnzFpU88PccN/tPPhCpnNU8mZphvKxYM9lLNkd8e+os=
github.com/armon/go-socks5 v0.0.0-20160902184237-e75332964ef5 h1:0CwZNZbxp69SHPdPJAN/hZIm0C4OItdklCFmMRWYpio=
github.com/armon/go-socks5 v0.0.0-20160902184237-e75332964ef5/go.mod h1:wHh0iHkYZB8zMSxRWpUBQtwG5a7fFgvEO+odwuTv2gs=
github.com/fsnotify/fsnotify v1.6.0 h1:n+5WquG0fcWoWp6xPWfHdbskMCQaFnG6PfBrh1Ky4HY=
github.com/fsnotify/fsnotify v1.6.0/go.mod h1:sl3t1tCWJFWoRz9R8WJCbQihKKwmorjAbSClcnxKAGw=
github.com/gorilla/websocket v1.5.3 h1:saDtZ6Pbx/0u+bgYQ3q96pZgCzfhKXGPqt7kZ72aNNg=
github.com/gorilla/websocket v1.5.3/go.mod h1:YR8l580nyteQvAITg2hZ9XVh4b55+EU/adAjf1fMHhE=
github.com/jpillora/ansi v1.0.3 h1:nn4Jzti0EmRfDxm7JtEs5LzCbNwd5sv+0aE+LdS9/ZQ=
github.com/jpillora/ansi v1.0.3/go.mod h1:D2tT+6uzJvN1nBVQILYWkIdq7zG+b5gcFN5WI/VyjMY=
github.com/jpillora/backoff v1.0.0 h1:uvFg412JmmHBHw7iwprIxkPMI+sGQ4kzOWsMeHnm2EA=
github.com/jpillora/backoff v1.0.0/go.mod h1:J/6gKK9jxlEcS3zixgDgUAsiuZ7yrSoa/FX5e0EB2j4=
github.com/jpillora/chisel v1.10.0 h1:qdA2YWr8FZoB/srgsuv+ALsm6Lk8NYef+zCfO0qUdVk=
github.com/jpillora/chisel v1.10.0/go.mod h1:JwsnHmvXKfHGuu9kym97zq/9TMLBlTsS+Qpw4+/xE1U=
github.com/jpillora/requestlog v1.0.0 h1:bg++eJ74T7DYL3DlIpiwknrtfdUA9oP/M4fL+PpqnyA=
github.com/jpillora/requestlog v1.0.0/go.mod h1:HTWQb7QfDc2jtHnWe2XEIEeJB7gJPnVdpNn52HXPvy8=
github.com/jpillora/sizestr v1.0.0 h1:4tr0FLxs1Mtq3TnsLDV+GYUWG7Q26a6s+tV5Zfw2ygw=
github.com/jpillora/sizestr v1.0.0/go.mod h1:bUhLv4ctkknatr6gR42qPxirmd5+ds1u7mzD+MZ33f0=
github.com/tomasen/realip v0.0.0-20180522021738-f0c99a92ddce h1:fb190+cK2Xz/dvi9Hv8eCYJYvIGUTN2/KLq1pT6CjEc=
github.com/tomasen/realip v0.0.0-20180522021738-f0c99a92ddce/go.mod h1:o8v6yHRoik09Xen7gje4m9ERNah1d1PPsVq1VEx9vE4=
golang.org/x/crypto v0.35.0 h1:b15kiHdrGCHrP6LvwaQ3c03kgNhhiMgvlhxHQhmg2Xs=
golang.org/x/crypto v0.35.0/go.mod h1:dy7dXNW32cAb/6/PRuTNsix8T+vJAqvuIy5Bli/x0YQ=
golang.org/x/net v0.36.0 h1:vWF2fRbw4qslQsQzgFqZff+BItCvGFQqKzKIzx1rmoA=
golang.org/x/net v0.36.0/go.mod h1:bFmbeoIPfrw4sMHNhb4J9f6+tPziuGjq7Jk/38fxi1I=
golang.org/x/sync v0.21.0 h1:HLII4xRRTtCRkxYp4HNFF0Js/Og6q2i++KXbg0gHCwM=
golang.org/x/sync v0.21.0/go.mod h1:9xrNwdLfx4jkKbNva9FpL6vEN7evnE43NNNJQ2LF3+0=
golang.org/x/sys v0.0.0-20220908164124-27713097b956/go.mod h1:oPkhp1MJrh7nUepCBck5+mAzfO9JrbApNNgaTdGDITg=
golang.org/x/sys v0.46.0 h1:noSf2Fq6F8DBgS+LysIkx7rIExoNHJsxOAtPp4rthXw=
golang.org/x/sys v0.46.0/go.mod h1:4GL1E5IUh+htKOUEOaiffhrAeqysfVGipDYzABqnCmw=
golang.org/x/term v0.29.0 h1:L6pJp37ocefwRRtYPKSWOWzOtWSxVajvz2ldH/xi3iU=
golang.org/x/term v0.29.0/go.mod h1:6bl4lRlvVuDgSf3179VpIxBF0o10JUpXWOnI7nErv7s=
golang.org/x/text v0.38.0 h1:sXmwo9DwP3OK9EZ7PqAdaooSGozfl/3a6/xJcbzPRhE=
golang.org/x/text v0.38.0/go.mod h1:YXZt3QhHUKYT53r2lLKFIVi6Ao1jdzrTR/KQ09qyxF4=
gopkg.in/check.v1 v0.0.0-20161208181325-20d25e280405 h1:yhCVgyC4o1eVCa2tZl7eS0r+SDo693bJlVdllGtEeKM=
gopkg.in/check.v1 v0.0.0-20161208181325-20d25e280405/go.mod h1:Co6ibVJAznAaIkqp8huTwlJQCZ016jof/cbN4VW5Yz0=
gopkg.in/yaml.v3 v3.0.1 h1:fxVm/GzAzEWqLHuvctI91KS9hhNmmWOoWu0XTYJS7CA=
gopkg.in/yaml.v3 v3.0.1/go.mod h1:K4uyk7z7BCEPqu6E+C64Yfv1cQ7kz7rIZviUmN+EgEM=
